
Microsoft Visual Studio Solution File, Format Version 12.00
# Visual Studio Version 16
VisualStudioVersion = 16.0.31205.134
MinimumVisualStudioVersion = 10.0.40219.1
Project("{FAE04EC0-301F-11D3-BF4B-00C04F79EFBC}") = "BookStore", "BookStore\BookStore.csproj", "{0F3626BA-DF7B-4508-BAA8-1CB95A98D278}"
EndProject
Global
	GlobalSection(SolutionConfigurationPlatforms) = preSolution
		Debug|Any CPU = Debug|Any CPU
		Release|Any CPU = Release|Any CPU
	EndGlobalSection
	GlobalSection(ProjectConfigurationPlatforms) = postSolution
		{0F3626BA-DF7B-4508-BAA8-1CB95A98D278}.Debug|Any CPU.ActiveCfg = Debug|Any CPU
		{0F3626BA-DF7B-4508-BAA8-1CB95A98D278}.Debug|Any CPU.Build.0 = Debug|Any CPU
		{0F3626BA-DF7B-4508-BAA8-1CB95A98D278}.Release|Any CPU.ActiveCfg = Release|Any CPU
		{0F3626BA-DF7B-4508-BAA8-1CB95A98D278}.Release|Any CPU.Build.0 = Release|Any CPU
	EndGlobalSection
	GlobalSection(SolutionProperties) = preSolution
		HideSolutionNode = FALSE
	EndGlobalSection
	GlobalSection(ExtensibilityGlobals) = postSolution
		SolutionGuid = {8DDF2E66-81E0-4B33-9330-1973795C6580}
	EndGlobalSection
EndGlobal
